{
  "version": 4,
  "terraform_version": "1.4.2",
  "serial": 19,
  "lineage": "4530d3c2-51aa-a349-80c1-d18224a04bc7",
  "outputs": {
    "gh-runner-ip": {
      "value": "10.10.2.3",
      "type": "string"
    },
    "ubuntu22-04-test-ip": {
      "value": "10.10.2.2",
      "type": "string"
    }
  },
  "resources": [
    {
      "mode": "data",
      "type": "vsphere_compute_cluster",
      "name": "cluster",
      "provider": "provider[\"registry.terraform.io/hashicorp/vsphere\"]",
      "instances": [
        {
          "schema_version": 0,
          "attributes": {
            "datacenter_id": "datacenter-3",
            "id": "domain-c3054",
            "name": "Patron Cluster",
            "resource_pool_id": "resgroup-3055"
          },
          "sensitive_attributes": []
        }
      ]
    },
    {
      "mode": "data",
      "type": "vsphere_datacenter",
      "name": "dc",
      "provider": "provider[\"registry.terraform.io/hashicorp/vsphere\"]",
      "instances": [
        {
          "schema_version": 0,
          "attributes": {
            "id": "datacenter-3",
            "name": "Datacenter"
          },
          "sensitive_attributes": []
        }
      ]
    },
    {
      "mode": "data",
      "type": "vsphere_datastore",
      "name": "datastore",
      "provider": "provider[\"registry.terraform.io/hashicorp/vsphere\"]",
      "instances": [
        {
          "schema_version": 0,
          "attributes": {
            "datacenter_id": "datacenter-3",
            "id": "datastore-7119",
            "name": "vsanDatastore"
          },
          "sensitive_attributes": []
        }
      ]
    },
    {
      "mode": "data",
      "type": "vsphere_network",
      "name": "network",
      "provider": "provider[\"registry.terraform.io/hashicorp/vsphere\"]",
      "instances": [
        {
          "schema_version": 0,
          "attributes": {
            "datacenter_id": "datacenter-3",
            "distributed_virtual_switch_uuid": null,
            "id": "dvportgroup-7116",
            "name": "VDS Net",
            "type": "DistributedVirtualPortgroup"
          },
          "sensitive_attributes": []
        }
      ]
    },
    {
      "mode": "data",
      "type": "vsphere_virtual_machine",
      "name": "ubuntu2204-server-template",
      "provider": "provider[\"registry.terraform.io/hashicorp/vsphere\"]",
      "instances": [
        {
          "schema_version": 0,
          "attributes": {
            "alternate_guest_name": "",
            "annotation": "Built by HashiCorp Packer on 2023-04-16 23:54 UTC.",
            "boot_delay": 0,
            "boot_retry_delay": 10000,
            "boot_retry_enabled": false,
            "change_version": "2023-04-17T00:25:24.819063Z",
            "cpu_hot_add_enabled": false,
            "cpu_hot_remove_enabled": false,
            "cpu_limit": -1,
            "cpu_performance_counters_enabled": false,
            "cpu_reservation": 0,
            "cpu_share_count": 1000,
            "cpu_share_level": "normal",
            "datacenter_id": "datacenter-3",
            "default_ip_address": null,
            "disks": [
              {
                "eagerly_scrub": false,
                "label": "Hard disk 1",
                "size": 100,
                "thin_provisioned": true,
                "unit_number": 0
              }
            ],
            "efi_secure_boot_enabled": false,
            "enable_disk_uuid": false,
            "enable_logging": true,
            "ept_rvi_mode": "automatic",
            "extra_config": {},
            "firmware": "bios",
            "guest_id": "ubuntu64Guest",
            "guest_ip_addresses": [],
            "hardware_version": 14,
            "hv_mode": "hvAuto",
            "id": "422e7102-5061-83b5-77b1-678b90110f33",
            "ide_controller_scan_count": 2,
            "latency_sensitivity": "normal",
            "memory": 2048,
            "memory_hot_add_enabled": false,
            "memory_limit": -1,
            "memory_reservation": 0,
            "memory_share_count": 320,
            "memory_share_level": "normal",
            "name": "Ubuntu-2204-Template-100GB-Thin",
            "nested_hv_enabled": false,
            "network_interface_types": [
              "vmxnet3"
            ],
            "network_interfaces": [
              {
                "adapter_type": "vmxnet3",
                "bandwidth_limit": -1,
                "bandwidth_reservation": 0,
                "bandwidth_share_count": 50,
                "bandwidth_share_level": "normal",
                "mac_address": "00:50:56:ae:8d:66",
                "network_id": "dvportgroup-7116"
              }
            ],
            "num_cores_per_socket": 4,
            "num_cpus": 4,
            "replace_trigger": null,
            "run_tools_scripts_after_power_on": true,
            "run_tools_scripts_after_resume": true,
            "run_tools_scripts_before_guest_reboot": false,
            "run_tools_scripts_before_guest_shutdown": true,
            "run_tools_scripts_before_guest_standby": true,
            "sata_controller_scan_count": 0,
            "scsi_bus_sharing": "noSharing",
            "scsi_controller_scan_count": 1,
            "scsi_type": "pvscsi",
            "storage_policy_id": null,
            "swap_placement_policy": "inherit",
            "sync_time_with_host": true,
            "sync_time_with_host_periodically": false,
            "tools_upgrade_policy": "upgradeAtPowerCycle",
            "uuid": "422e7102-5061-83b5-77b1-678b90110f33",
            "vapp": null,
            "vapp_transport": [],
            "vbs_enabled": false,
            "vvtd_enabled": false
          },
          "sensitive_attributes": []
        }
      ]
    },
    {
      "mode": "managed",
      "type": "vsphere_folder",
      "name": "github",
      "provider": "provider[\"registry.terraform.io/hashicorp/vsphere\"]",
      "instances": [
        {
          "schema_version": 1,
          "attributes": {
            "custom_attributes": {},
            "datacenter_id": "datacenter-3",
            "id": "group-v17010",
            "path": "Github",
            "tags": [],
            "type": "vm"
          },
          "sensitive_attributes": [],
          "private": "eyJzY2hlbWFfdmVyc2lvbiI6IjEifQ==",
          "dependencies": [
            "data.vsphere_datacenter.dc"
          ]
        }
      ]
    },
    {
      "mode": "managed",
      "type": "vsphere_virtual_machine",
      "name": "gh-runner",
      "provider": "provider[\"registry.terraform.io/hashicorp/vsphere\"]",
      "instances": [
        {
          "schema_version": 3,
          "attributes": {
            "alternate_guest_name": "",
            "annotation": "Built by HashiCorp Packer on 2023-04-16 23:54 UTC.",
            "boot_delay": 0,
            "boot_retry_delay": 10000,
            "boot_retry_enabled": false,
            "cdrom": [],
            "change_version": "2023-04-18T23:37:53.011856Z",
            "clone": [
              {
                "customize": [],
                "linked_clone": false,
                "ovf_network_map": null,
                "ovf_storage_map": null,
                "template_uuid": "422e7102-5061-83b5-77b1-678b90110f33",
                "timeout": 30
              }
            ],
            "cpu_hot_add_enabled": false,
            "cpu_hot_remove_enabled": false,
            "cpu_limit": -1,
            "cpu_performance_counters_enabled": false,
            "cpu_reservation": 0,
            "cpu_share_count": 4000,
            "cpu_share_level": "normal",
            "custom_attributes": null,
            "datacenter_id": null,
            "datastore_cluster_id": null,
            "datastore_id": "datastore-7119",
            "default_ip_address": "10.10.2.3",
            "disk": [
              {
                "attach": false,
                "controller_type": "scsi",
                "datastore_id": "datastore-7119",
                "device_address": "scsi:0:0",
                "disk_mode": "persistent",
                "disk_sharing": "sharingNone",
                "eagerly_scrub": false,
                "io_limit": -1,
                "io_reservation": 0,
                "io_share_count": 1000,
                "io_share_level": "normal",
                "keep_on_remove": false,
                "key": 2000,
                "label": "gh-runner-disk",
                "path": "d8283f64-0daa-289b-792c-d4c9ef752678/gh-runner.vmdk",
                "size": 100,
                "storage_policy_id": "aa6d5a82-1c88-45da-85d3-3d74b91a5bad",
                "thin_provisioned": true,
                "unit_number": 0,
                "uuid": "6000C292-6624-90d3-f495-242bc61457a0",
                "write_through": false
              }
            ],
            "efi_secure_boot_enabled": false,
            "enable_disk_uuid": false,
            "enable_logging": false,
            "ept_rvi_mode": "automatic",
            "extra_config": {
              "guestinfo.metadata": "I2Nsb3VkLWNvbmZpZwpsb2NhbC1ob3N0bmFtZTogZ2gtcnVubmVyCmluc3RhbmNlLWlkOiB1YnVudHUtZ2gtcnVubmVyCm5ldHdvcms6CiAgdmVyc2lvbjogMgogIGV0aGVybmV0czoKICAgIGVuczE5MjoKICAgICAgZGhjcDQ6IGZhbHNlCiAgICAgIGFkZHJlc3NlczoKICAgICAgICAtIDEwLjEwLjIuMy8xNgogICAgICBnYXRld2F5NDogMTAuMTAuMTAuMQogICAgICBuYW1lc2VydmVyczoKICAgICAgICBzZWFyY2g6IFtob21lXQogICAgICAgIGFkZHJlc3NlczogWzEwLjEwLjEwLjUxLCAxMC4xMC4xMC4xXQpncm93cGFydDoKICBtb2RlOiBhdXRvCiAgZGV2aWNlczogWycvZGV2L3NkYTInXQogIGlnbm9yZV9ncm93cm9vdF9kaXNhYmxlZDogdHJ1ZQp3YWl0LW9uLW5ldHdvcms6CiAgaXB2NDogdHJ1ZQ==",
              "guestinfo.metadata.encoding": "base64",
              "guestinfo.userdata": "I2Nsb3VkLWNvbmZpZwp1c2VyczoKICAtIG5hbWU6IHVidW50dQogICAgc3NoLWF1dGhvcml6ZWQta2V5czoKICAgICAgLSBzc2gtcnNhIHNzaC1yc2EgQUFBQUIzTnphQzF5YzJFQUFBQURBUUFCQUFBQkFRREt2dzF4K1lPNXdRMzNjZDgraXJ4SXVOWVBCc3JDV1dsQUJmVXNqZkRsaGlOOHpyT1MxbTNRd05XMXhqMDRWWG83eHc1Vnd5V1dMdU9aYTJGWjBEaGhEc3AxNHZoK1NQdDl1SzV5WUZ4eWRYL3dhTCsvZVE0VzNNQmcvSkduWG9wenBCWXNiWDQ1VEVUWnl0eEx2R0tKSVNVbVdBZXFMemE4d3U3TTBjUHRmZXdtQjlSczhwUWZ3UlZveHVINFJiRjVhODFUV2xRVFlQQXV1RkU3d2orOWhsbjB6T0lGbEdLWlBodTNLL1NtWGJyS3MxbGR3dlVZUnl0SEdtM0ZwdU5nMUQ0dExiZFVXdldEakkzZUZkdk5zbWQzZmZ5b0JSUGF4TTVtNnllSE5XNmxSMDVHcjc5R0h5RTZlS0ltWnBORlZNWjNWaXlUTDNLTmlxTUNCRThIIGthbGlAa2FsaQogICAgc3VkbzogWydBTEw9KEFMTCkgTk9QQVNTV0Q6QUxMJ10KICAgIGdyb3Vwczogc3VkbwogICAgc2hlbGw6IC9iaW4vYmFzaAoKcGFja2FnZXM6CiAgLSB0cmVl",
              "guestinfo.userdata.encoding": "base64"
            },
            "firmware": "bios",
            "folder": "Github",
            "force_power_off": true,
            "guest_id": "ubuntu64Guest",
            "guest_ip_addresses": [
              "10.10.2.3",
              "fe80::250:56ff:feae:3a82"
            ],
            "hardware_version": 14,
            "host_system_id": "host-7006",
            "hv_mode": "hvAuto",
            "id": "422e8775-2cf8-fe5f-3c66-792c000de49d",
            "ide_controller_count": 2,
            "ignored_guest_ips": null,
            "imported": null,
            "latency_sensitivity": "normal",
            "memory": 4096,
            "memory_hot_add_enabled": false,
            "memory_limit": -1,
            "memory_reservation": 0,
            "memory_share_count": 40960,
            "memory_share_level": "normal",
            "migrate_wait_timeout": 30,
            "moid": "vm-17012",
            "name": "gh-runner",
            "nested_hv_enabled": false,
            "network_interface": [
              {
                "adapter_type": "vmxnet3",
                "bandwidth_limit": -1,
                "bandwidth_reservation": 0,
                "bandwidth_share_count": 50,
                "bandwidth_share_level": "normal",
                "device_address": "pci:0:7",
                "key": 4000,
                "mac_address": "00:50:56:ae:3a:82",
                "network_id": "dvportgroup-7116",
                "ovf_mapping": "",
                "use_static_mac": false
              }
            ],
            "num_cores_per_socket": 1,
            "num_cpus": 4,
            "ovf_deploy": [],
            "pci_device_id": null,
            "power_state": "on",
            "poweron_timeout": 300,
            "reboot_required": false,
            "replace_trigger": null,
            "resource_pool_id": "resgroup-3055",
            "run_tools_scripts_after_power_on": true,
            "run_tools_scripts_after_resume": true,
            "run_tools_scripts_before_guest_reboot": false,
            "run_tools_scripts_before_guest_shutdown": true,
            "run_tools_scripts_before_guest_standby": true,
            "sata_controller_count": 0,
            "scsi_bus_sharing": "noSharing",
            "scsi_controller_count": 1,
            "scsi_type": "pvscsi",
            "shutdown_wait_timeout": 3,
            "storage_policy_id": "aa6d5a82-1c88-45da-85d3-3d74b91a5bad",
            "swap_placement_policy": "inherit",
            "sync_time_with_host": false,
            "sync_time_with_host_periodically": false,
            "tags": null,
            "tools_upgrade_policy": "manual",
            "uuid": "422e8775-2cf8-fe5f-3c66-792c000de49d",
            "vapp": [],
            "vapp_transport": [],
            "vbs_enabled": false,
            "vmware_tools_status": "guestToolsRunning",
            "vmx_path": "d8283f64-0daa-289b-792c-d4c9ef752678/gh-runner.vmx",
            "vvtd_enabled": false,
            "wait_for_guest_ip_timeout": 0,
            "wait_for_guest_net_routable": true,
            "wait_for_guest_net_timeout": 5
          },
          "sensitive_attributes": [
            [
              {
                "type": "get_attr",
                "value": "extra_config"
              },
              {
                "type": "index",
                "value": {
                  "value": "guestinfo.metadata",
                  "type": "string"
                }
              }
            ],
            [
              {
                "type": "get_attr",
                "value": "extra_config"
              },
              {
                "type": "index",
                "value": {
                  "value": "guestinfo.userdata",
                  "type": "string"
                }
              }
            ]
          ],
          "private": "eyJzY2hlbWFfdmVyc2lvbiI6IjMifQ==",
          "dependencies": [
            "data.vsphere_compute_cluster.cluster",
            "data.vsphere_datastore.datastore",
            "data.vsphere_network.network",
            "data.vsphere_virtual_machine.ubuntu2204-server-template"
          ]
        }
      ]
    },
    {
      "mode": "managed",
      "type": "vsphere_virtual_machine",
      "name": "ubuntu22-04-test",
      "provider": "provider[\"registry.terraform.io/hashicorp/vsphere\"]",
      "instances": [
        {
          "schema_version": 3,
          "attributes": {
            "alternate_guest_name": "",
            "annotation": "Built by HashiCorp Packer on 2023-03-19 03:18 UTC.",
            "boot_delay": 0,
            "boot_retry_delay": 10000,
            "boot_retry_enabled": false,
            "cdrom": [],
            "change_version": "2023-04-16T01:26:47.434839Z",
            "clone": [
              {
                "customize": [],
                "linked_clone": false,
                "ovf_network_map": {},
                "ovf_storage_map": {},
                "template_uuid": "422e7a62-a2a4-f1b0-d9b6-f864718f1bbc",
                "timeout": 30
              }
            ],
            "cpu_hot_add_enabled": false,
            "cpu_hot_remove_enabled": false,
            "cpu_limit": -1,
            "cpu_performance_counters_enabled": false,
            "cpu_reservation": 0,
            "cpu_share_count": 4000,
            "cpu_share_level": "normal",
            "custom_attributes": {},
            "datacenter_id": null,
            "datastore_cluster_id": null,
            "datastore_id": "datastore-7119",
            "default_ip_address": "10.10.2.2",
            "disk": [
              {
                "attach": false,
                "controller_type": "scsi",
                "datastore_id": "datastore-7119",
                "device_address": "scsi:0:0",
                "disk_mode": "persistent",
                "disk_sharing": "sharingNone",
                "eagerly_scrub": false,
                "io_limit": -1,
                "io_reservation": 0,
                "io_share_count": 1000,
                "io_share_level": "normal",
                "keep_on_remove": false,
                "key": 2000,
                "label": "ubuntu22-04-test-disk",
                "path": "d84c3b64-dd74-e096-6478-1866da627d6d/ubuntu22-04-test.vmdk",
                "size": 100,
                "storage_policy_id": "aa6d5a82-1c88-45da-85d3-3d74b91a5bad",
                "thin_provisioned": true,
                "unit_number": 0,
                "uuid": "6000C292-11ef-d270-234c-3d7d883105ae",
                "write_through": false
              }
            ],
            "efi_secure_boot_enabled": false,
            "enable_disk_uuid": false,
            "enable_logging": false,
            "ept_rvi_mode": "automatic",
            "extra_config": {
              "guestinfo.metadata": "I2Nsb3VkLWNvbmZpZwpsb2NhbC1ob3N0bmFtZTogdWJ1bnR1MjItMDQtdGVzdAppbnN0YW5jZS1pZDogdWJ1bnR1LXVidW50dTIyLTA0LXRlc3QKbmV0d29yazoKICB2ZXJzaW9uOiAyCiAgZXRoZXJuZXRzOgogICAgZW5zMTkyOgogICAgICBkaGNwNDogZmFsc2UKICAgICAgYWRkcmVzc2VzOgogICAgICAgIC0gMTAuMTAuMi4yLzE2CiAgICAgIGdhdGV3YXk0OiAxMC4xMC4xMC4xCiAgICAgIG5hbWVzZXJ2ZXJzOgogICAgICAgIHNlYXJjaDogW2hvbWVdCiAgICAgICAgYWRkcmVzc2VzOiBbMTAuMTAuMTAuNTEsIDEwLjEwLjEwLjFdCmdyb3dwYXJ0OgogIG1vZGU6IGF1dG8KICBkZXZpY2VzOiBbJy9kZXYvc2RhMiddCiAgaWdub3JlX2dyb3dyb290X2Rpc2FibGVkOiB0cnVlCndhaXQtb24tbmV0d29yazoKICBpcHY0OiB0cnVl",
              "guestinfo.metadata.encoding": "base64",
              "guestinfo.userdata": "I2Nsb3VkLWNvbmZpZwp1c2VyczoKICAtIG5hbWU6IHVidW50dQogICAgc3NoLWF1dGhvcml6ZWQta2V5czoKICAgICAgLSBzc2gtcnNhIHNzaC1yc2EgQUFBQUIzTnphQzF5YzJFQUFBQURBUUFCQUFBQkFRREt2dzF4K1lPNXdRMzNjZDgraXJ4SXVOWVBCc3JDV1dsQUJmVXNqZkRsaGlOOHpyT1MxbTNRd05XMXhqMDRWWG83eHc1Vnd5V1dMdU9aYTJGWjBEaGhEc3AxNHZoK1NQdDl1SzV5WUZ4eWRYL3dhTCsvZVE0VzNNQmcvSkduWG9wenBCWXNiWDQ1VEVUWnl0eEx2R0tKSVNVbVdBZXFMemE4d3U3TTBjUHRmZXdtQjlSczhwUWZ3UlZveHVINFJiRjVhODFUV2xRVFlQQXV1RkU3d2orOWhsbjB6T0lGbEdLWlBodTNLL1NtWGJyS3MxbGR3dlVZUnl0SEdtM0ZwdU5nMUQ0dExiZFVXdldEakkzZUZkdk5zbWQzZmZ5b0JSUGF4TTVtNnllSE5XNmxSMDVHcjc5R0h5RTZlS0ltWnBORlZNWjNWaXlUTDNLTmlxTUNCRThIIGthbGlAa2FsaQogICAgc3VkbzogWydBTEw9KEFMTCkgTk9QQVNTV0Q6QUxMJ10KICAgIGdyb3Vwczogc3VkbwogICAgc2hlbGw6IC9iaW4vYmFzaAoKcGFja2FnZXM6CiAgLSB0cmVl",
              "guestinfo.userdata.encoding": "base64"
            },
            "firmware": "bios",
            "folder": "Proving Grounds",
            "force_power_off": true,
            "guest_id": "ubuntu64Guest",
            "guest_ip_addresses": [
              "10.10.2.2",
              "fe80::250:56ff:feae:7e52"
            ],
            "hardware_version": 14,
            "host_system_id": "host-7006",
            "hv_mode": "hvAuto",
            "id": "422ec821-d89d-3aba-abfb-1a433edfae71",
            "ide_controller_count": 2,
            "ignored_guest_ips": null,
            "imported": null,
            "latency_sensitivity": "normal",
            "memory": 4096,
            "memory_hot_add_enabled": false,
            "memory_limit": -1,
            "memory_reservation": 0,
            "memory_share_count": 40960,
            "memory_share_level": "normal",
            "migrate_wait_timeout": 30,
            "moid": "vm-17003",
            "name": "ubuntu22-04-test",
            "nested_hv_enabled": false,
            "network_interface": [
              {
                "adapter_type": "vmxnet3",
                "bandwidth_limit": -1,
                "bandwidth_reservation": 0,
                "bandwidth_share_count": 50,
                "bandwidth_share_level": "normal",
                "device_address": "pci:0:7",
                "key": 4000,
                "mac_address": "00:50:56:ae:7e:52",
                "network_id": "dvportgroup-7116",
                "ovf_mapping": "",
                "use_static_mac": false
              }
            ],
            "num_cores_per_socket": 1,
            "num_cpus": 4,
            "ovf_deploy": [],
            "pci_device_id": [],
            "power_state": "on",
            "poweron_timeout": 300,
            "reboot_required": false,
            "replace_trigger": null,
            "resource_pool_id": "resgroup-3055",
            "run_tools_scripts_after_power_on": true,
            "run_tools_scripts_after_resume": true,
            "run_tools_scripts_before_guest_reboot": false,
            "run_tools_scripts_before_guest_shutdown": true,
            "run_tools_scripts_before_guest_standby": true,
            "sata_controller_count": 0,
            "scsi_bus_sharing": "noSharing",
            "scsi_controller_count": 1,
            "scsi_type": "pvscsi",
            "shutdown_wait_timeout": 3,
            "storage_policy_id": "aa6d5a82-1c88-45da-85d3-3d74b91a5bad",
            "swap_placement_policy": "inherit",
            "sync_time_with_host": false,
            "sync_time_with_host_periodically": false,
            "tags": [],
            "tools_upgrade_policy": "manual",
            "uuid": "422ec821-d89d-3aba-abfb-1a433edfae71",
            "vapp": [],
            "vapp_transport": [],
            "vbs_enabled": false,
            "vmware_tools_status": "guestToolsRunning",
            "vmx_path": "d84c3b64-dd74-e096-6478-1866da627d6d/ubuntu22-04-test.vmx",
            "vvtd_enabled": false,
            "wait_for_guest_ip_timeout": 0,
            "wait_for_guest_net_routable": true,
            "wait_for_guest_net_timeout": 5
          },
          "sensitive_attributes": [
            [
              {
                "type": "get_attr",
                "value": "extra_config"
              },
              {
                "type": "index",
                "value": {
                  "value": "guestinfo.metadata",
                  "type": "string"
                }
              }
            ],
            [
              {
                "type": "get_attr",
                "value": "extra_config"
              },
              {
                "type": "index",
                "value": {
                  "value": "guestinfo.userdata",
                  "type": "string"
                }
              }
            ]
          ],
          "private": "eyJzY2hlbWFfdmVyc2lvbiI6IjMifQ==",
          "dependencies": [
            "data.vsphere_compute_cluster.cluster",
            "data.vsphere_datacenter.dc",
            "data.vsphere_datastore.datastore",
            "data.vsphere_network.network",
            "data.vsphere_virtual_machine.ubuntu2204-server-template"
          ]
        }
      ]
    }
  ],
  "check_results": null
}
